
Microsoft Visual Studio Solution File, Format Version 12.00
# Visual Studio Version 17
VisualStudioVersion = 17.9.34607.119
MinimumVisualStudioVersion = 10.0.40219.1
Project("{FAE04EC0-301F-11D3-BF4B-00C04F79EFBC}") = "Crud Operation Using EF", "Crud Operation Using EF\Crud Operation Using EF.csproj", "{D6CA30CB-9FA8-4651-98BE-A545987256E7}"
EndProject
Global
	GlobalSection(SolutionConfigurationPlatforms) = preSolution
		Debug|Any CPU = Debug|Any CPU
		Release|Any CPU = Release|Any CPU
	EndGlobalSection
	GlobalSection(ProjectConfigurationPlatforms) = postSolution
		{D6CA30CB-9FA8-4651-98BE-A545987256E7}.Debug|Any CPU.ActiveCfg = Debug|Any CPU
		{D6CA30CB-9FA8-4651-98BE-A545987256E7}.Debug|Any CPU.Build.0 = Debug|Any CPU
		{D6CA30CB-9FA8-4651-98BE-A545987256E7}.Release|Any CPU.ActiveCfg = Release|Any CPU
		{D6CA30CB-9FA8-4651-98BE-A545987256E7}.Release|Any CPU.Build.0 = Release|Any CPU
	EndGlobalSection
	GlobalSection(SolutionProperties) = preSolution
		HideSolutionNode = FALSE
	EndGlobalSection
	GlobalSection(ExtensibilityGlobals) = postSolution
		SolutionGuid = {D4ED8711-CA2C-40C8-A99A-BF8B626B6DD7}
	EndGlobalSection
EndGlobal
